
Microsoft Visual Studio Solution File, Format Version 12.00
# Visual Studio 15
VisualStudioVersion = 15.0.27004.2002
MinimumVisualStudioVersion = 10.0.40219.1
Project("{9A19103F-16F7-4668-BE54-9A1E7A4F7556}") = "DeckOfCards.CQRS", "src\CQRS\ApiKickstart.CQRS\DeckOfCards.CQRS.csproj", "{687BD3F8-7536-411D-B8A6-0402B61A8491}"
EndProject
Project("{2150E333-8FDC-42A3-9474-1A3956D46DE8}") = "src", "src", "{218D4F54-D7AE-4EDE-94DE-46B656B3A1E4}"
EndProject
Project("{2150E333-8FDC-42A3-9474-1A3956D46DE8}") = "test", "test", "{ACA16957-F0FF-4A94-8E0B-054F1D7BB1C1}"
EndProject
Project("{2150E333-8FDC-42A3-9474-1A3956D46DE8}") = "docs", "docs", "{4085F254-35EE-4632-A40D-E49748E052FE}"
EndProject
Project("{2150E333-8FDC-42A3-9474-1A3956D46DE8}") = "CQRS", "CQRS", "{526040BB-2C27-49BF-9718-AC01617A6941}"
EndProject
Project("{2150E333-8FDC-42A3-9474-1A3956D46DE8}") = "Domain", "Domain", "{B90B90F7-F27D-4524-8407-730F6ED60625}"
EndProject
Project("{2150E333-8FDC-42A3-9474-1A3956D46DE8}") = "Web", "Web", "{847BCABB-C806-49FD-A874-350536909AC5}"
EndProject
Project("{9A19103F-16F7-4668-BE54-9A1E7A4F7556}") = "DeckOfCards.Domain", "src\Domain\DeckOfCards.Domain\DeckOfCards.Domain.csproj", "{7AD93A4E-F49A-4175-BB89-AF6C338B7EA0}"
EndProject
Project("{2150E333-8FDC-42A3-9474-1A3956D46DE8}") = "Commands", "Commands", "{CEBC8FE7-8976-4EC9-A51B-705D53DCCC43}"
EndProject
Project("{2150E333-8FDC-42A3-9474-1A3956D46DE8}") = "Queries", "Queries", "{D7AC5A9A-3B0E-45B1-AE5D-AC9EA7259F6C}"
EndProject
Project("{9A19103F-16F7-4668-BE54-9A1E7A4F7556}") = "DeckOfCards.Commands", "src\CQRS\ApiKickstart.Commands\DeckOfCards.Commands.csproj", "{A541649F-3B80-44C5-A71C-FFC437D6E6C3}"
EndProject
Project("{9A19103F-16F7-4668-BE54-9A1E7A4F7556}") = "DeckOfCards.Queries", "src\CQRS\ApiKickstart.Queries\DeckOfCards.Queries.csproj", "{A7BA9255-6D38-4D7B-ACEF-6BCAAA41877C}"
EndProject
Project("{9A19103F-16F7-4668-BE54-9A1E7A4F7556}") = "DeckOfCards.WebApi", "src\Web\DeckOfCards.WebApi\DeckOfCards.WebApi.csproj", "{51F5887C-46A3-4FFC-8E9E-1370645CEA35}"
EndProject
Project("{2150E333-8FDC-42A3-9474-1A3956D46DE8}") = "WebApi", "WebApi", "{E29A1224-1AA8-4A82-9496-2B2379538BA1}"
EndProject
Project("{9A19103F-16F7-4668-BE54-9A1E7A4F7556}") = "DeckOfCards.QueryHandlers", "src\CQRS\ApiKickstart.QueryHandlers\DeckOfCards.QueryHandlers.csproj", "{6D7FACC9-2084-4E39-8748-C76A3D78506A}"
EndProject
Project("{9A19103F-16F7-4668-BE54-9A1E7A4F7556}") = "DeckOfCards.Test", "test\Api.Kickstart.Test\DeckOfCards.Test.csproj", "{861846A9-2BA2-4BC6-A824-11F247AA59C0}"
EndProject
Project("{9A19103F-16F7-4668-BE54-9A1E7A4F7556}") = "DeckOfCards.CommandHandlers", "src\CQRS\ApiKickstart.CommandHandlers\ApiKickstart.CommandHandlers\DeckOfCards.CommandHandlers.csproj", "{C0C4E557-71E4-485C-ABE7-2A68A5718976}"
EndProject
Project("{9A19103F-16F7-4668-BE54-9A1E7A4F7556}") = "DeckOfCards.Messaging.Console", "test\Api.Kickstart.Messaging.Console\DeckOfCards.Messaging.Console.csproj", "{0BBDBEEE-33AE-4D07-AEDB-42D53D682DF5}"
EndProject
Project("{9A19103F-16F7-4668-BE54-9A1E7A4F7556}") = "DeckOfCards.DomainEvents", "src\Domain\DeckOfCards.DomainEvents\DeckOfCards.DomainEvents.csproj", "{1A00BD58-13F1-4A06-BB84-E9F1F82A315C}"
EndProject
Project("{9A19103F-16F7-4668-BE54-9A1E7A4F7556}") = "DeckOfCards.DataModel", "src\Infrastructure\DeckOfCards.DataModel\DeckOfCards.DataModel.csproj", "{5883029A-9EB5-44AF-A73A-FE266AEFDD26}"
EndProject
Project("{2150E333-8FDC-42A3-9474-1A3956D46DE8}") = "Infrastructure", "Infrastructure", "{66ECEF4B-5085-468A-8442-C0EB39F2E08C}"
EndProject
Global
	GlobalSection(SolutionConfigurationPlatforms) = preSolution
		Debug|Any CPU = Debug|Any CPU
		Release|Any CPU = Release|Any CPU
	EndGlobalSection
	GlobalSection(ProjectConfigurationPlatforms) = postSolution
		{687BD3F8-7536-411D-B8A6-0402B61A8491}.Debug|Any CPU.ActiveCfg = Debug|Any CPU
		{687BD3F8-7536-411D-B8A6-0402B61A8491}.Debug|Any CPU.Build.0 = Debug|Any CPU
		{687BD3F8-7536-411D-B8A6-0402B61A8491}.Release|Any CPU.ActiveCfg = Release|Any CPU
		{687BD3F8-7536-411D-B8A6-0402B61A8491}.Release|Any CPU.Build.0 = Release|Any CPU
		{7AD93A4E-F49A-4175-BB89-AF6C338B7EA0}.Debug|Any CPU.ActiveCfg = Debug|Any CPU
		{7AD93A4E-F49A-4175-BB89-AF6C338B7EA0}.Debug|Any CPU.Build.0 = Debug|Any CPU
		{7AD93A4E-F49A-4175-BB89-AF6C338B7EA0}.Release|Any CPU.ActiveCfg = Release|Any CPU
		{7AD93A4E-F49A-4175-BB89-AF6C338B7EA0}.Release|Any CPU.Build.0 = Release|Any CPU
		{A541649F-3B80-44C5-A71C-FFC437D6E6C3}.Debug|Any CPU.ActiveCfg = Debug|Any CPU
		{A541649F-3B80-44C5-A71C-FFC437D6E6C3}.Debug|Any CPU.Build.0 = Debug|Any CPU
		{A541649F-3B80-44C5-A71C-FFC437D6E6C3}.Release|Any CPU.ActiveCfg = Release|Any CPU
		{A541649F-3B80-44C5-A71C-FFC437D6E6C3}.Release|Any CPU.Build.0 = Release|Any CPU
		{A7BA9255-6D38-4D7B-ACEF-6BCAAA41877C}.Debug|Any CPU.ActiveCfg = Debug|Any CPU
		{A7BA9255-6D38-4D7B-ACEF-6BCAAA41877C}.Debug|Any CPU.Build.0 = Debug|Any CPU
		{A7BA9255-6D38-4D7B-ACEF-6BCAAA41877C}.Release|Any CPU.ActiveCfg = Release|Any CPU
		{A7BA9255-6D38-4D7B-ACEF-6BCAAA41877C}.Release|Any CPU.Build.0 = Release|Any CPU
		{51F5887C-46A3-4FFC-8E9E-1370645CEA35}.Debug|Any CPU.ActiveCfg = Debug|Any CPU
		{51F5887C-46A3-4FFC-8E9E-1370645CEA35}.Debug|Any CPU.Build.0 = Debug|Any CPU
		{51F5887C-46A3-4FFC-8E9E-1370645CEA35}.Release|Any CPU.ActiveCfg = Release|Any CPU
		{51F5887C-46A3-4FFC-8E9E-1370645CEA35}.Release|Any CPU.Build.0 = Release|Any CPU
		{6D7FACC9-2084-4E39-8748-C76A3D78506A}.Debug|Any CPU.ActiveCfg = Debug|Any CPU
		{6D7FACC9-2084-4E39-8748-C76A3D78506A}.Debug|Any CPU.Build.0 = Debug|Any CPU
		{6D7FACC9-2084-4E39-8748-C76A3D78506A}.Release|Any CPU.ActiveCfg = Release|Any CPU
		{6D7FACC9-2084-4E39-8748-C76A3D78506A}.Release|Any CPU.Build.0 = Release|Any CPU
		{861846A9-2BA2-4BC6-A824-11F247AA59C0}.Debug|Any CPU.ActiveCfg = Debug|Any CPU
		{861846A9-2BA2-4BC6-A824-11F247AA59C0}.Debug|Any CPU.Build.0 = Debug|Any CPU
		{861846A9-2BA2-4BC6-A824-11F247AA59C0}.Release|Any CPU.ActiveCfg = Release|Any CPU
		{861846A9-2BA2-4BC6-A824-11F247AA59C0}.Release|Any CPU.Build.0 = Release|Any CPU
		{C0C4E557-71E4-485C-ABE7-2A68A5718976}.Debug|Any CPU.ActiveCfg = Debug|Any CPU
		{C0C4E557-71E4-485C-ABE7-2A68A5718976}.Debug|Any CPU.Build.0 = Debug|Any CPU
		{C0C4E557-71E4-485C-ABE7-2A68A5718976}.Release|Any CPU.ActiveCfg = Release|Any CPU
		{C0C4E557-71E4-485C-ABE7-2A68A5718976}.Release|Any CPU.Build.0 = Release|Any CPU
		{0BBDBEEE-33AE-4D07-AEDB-42D53D682DF5}.Debug|Any CPU.ActiveCfg = Debug|Any CPU
		{0BBDBEEE-33AE-4D07-AEDB-42D53D682DF5}.Debug|Any CPU.Build.0 = Debug|Any CPU
		{0BBDBEEE-33AE-4D07-AEDB-42D53D682DF5}.Release|Any CPU.ActiveCfg = Release|Any CPU
		{0BBDBEEE-33AE-4D07-AEDB-42D53D682DF5}.Release|Any CPU.Build.0 = Release|Any CPU
		{1A00BD58-13F1-4A06-BB84-E9F1F82A315C}.Debug|Any CPU.ActiveCfg = Debug|Any CPU
		{1A00BD58-13F1-4A06-BB84-E9F1F82A315C}.Debug|Any CPU.Build.0 = Debug|Any CPU
		{1A00BD58-13F1-4A06-BB84-E9F1F82A315C}.Release|Any CPU.ActiveCfg = Release|Any CPU
		{1A00BD58-13F1-4A06-BB84-E9F1F82A315C}.Release|Any CPU.Build.0 = Release|Any CPU
		{5883029A-9EB5-44AF-A73A-FE266AEFDD26}.Debug|Any CPU.ActiveCfg = Debug|Any CPU
		{5883029A-9EB5-44AF-A73A-FE266AEFDD26}.Debug|Any CPU.Build.0 = Debug|Any CPU
		{5883029A-9EB5-44AF-A73A-FE266AEFDD26}.Release|Any CPU.ActiveCfg = Release|Any CPU
		{5883029A-9EB5-44AF-A73A-FE266AEFDD26}.Release|Any CPU.Build.0 = Release|Any CPU
	EndGlobalSection
	GlobalSection(SolutionProperties) = preSolution
		HideSolutionNode = FALSE
	EndGlobalSection
	GlobalSection(NestedProjects) = preSolution
		{687BD3F8-7536-411D-B8A6-0402B61A8491} = {526040BB-2C27-49BF-9718-AC01617A6941}
		{526040BB-2C27-49BF-9718-AC01617A6941} = {218D4F54-D7AE-4EDE-94DE-46B656B3A1E4}
		{B90B90F7-F27D-4524-8407-730F6ED60625} = {218D4F54-D7AE-4EDE-94DE-46B656B3A1E4}
		{847BCABB-C806-49FD-A874-350536909AC5} = {218D4F54-D7AE-4EDE-94DE-46B656B3A1E4}
		{7AD93A4E-F49A-4175-BB89-AF6C338B7EA0} = {B90B90F7-F27D-4524-8407-730F6ED60625}
		{CEBC8FE7-8976-4EC9-A51B-705D53DCCC43} = {526040BB-2C27-49BF-9718-AC01617A6941}
		{D7AC5A9A-3B0E-45B1-AE5D-AC9EA7259F6C} = {526040BB-2C27-49BF-9718-AC01617A6941}
		{A541649F-3B80-44C5-A71C-FFC437D6E6C3} = {CEBC8FE7-8976-4EC9-A51B-705D53DCCC43}
		{A7BA9255-6D38-4D7B-ACEF-6BCAAA41877C} = {D7AC5A9A-3B0E-45B1-AE5D-AC9EA7259F6C}
		{51F5887C-46A3-4FFC-8E9E-1370645CEA35} = {E29A1224-1AA8-4A82-9496-2B2379538BA1}
		{E29A1224-1AA8-4A82-9496-2B2379538BA1} = {847BCABB-C806-49FD-A874-350536909AC5}
		{6D7FACC9-2084-4E39-8748-C76A3D78506A} = {D7AC5A9A-3B0E-45B1-AE5D-AC9EA7259F6C}
		{861846A9-2BA2-4BC6-A824-11F247AA59C0} = {ACA16957-F0FF-4A94-8E0B-054F1D7BB1C1}
		{C0C4E557-71E4-485C-ABE7-2A68A5718976} = {CEBC8FE7-8976-4EC9-A51B-705D53DCCC43}
		{0BBDBEEE-33AE-4D07-AEDB-42D53D682DF5} = {ACA16957-F0FF-4A94-8E0B-054F1D7BB1C1}
		{1A00BD58-13F1-4A06-BB84-E9F1F82A315C} = {B90B90F7-F27D-4524-8407-730F6ED60625}
		{5883029A-9EB5-44AF-A73A-FE266AEFDD26} = {66ECEF4B-5085-468A-8442-C0EB39F2E08C}
		{66ECEF4B-5085-468A-8442-C0EB39F2E08C} = {218D4F54-D7AE-4EDE-94DE-46B656B3A1E4}
	EndGlobalSection
	GlobalSection(ExtensibilityGlobals) = postSolution
		SolutionGuid = {03B72220-7ECA-4961-85EE-5E91BF2F87C1}
	EndGlobalSection
EndGlobal
